
Microsoft Visual Studio Solution File, Format Version 12.00
# Visual Studio Version 17
VisualStudioVersion = 17.2.32602.215
MinimumVisualStudioVersion = 10.0.40219.1
Project("{FAE04EC0-301F-11D3-BF4B-00C04F79EFBC}") = "Timelapse Sort", "Timelapse Sort\Timelapse Sort.csproj", "{E23FE49D-6AE7-4843-83A4-CE3CC0340407}"
EndProject
Global
	GlobalSection(SolutionConfigurationPlatforms) = preSolution
		Debug|Any CPU = Debug|Any CPU
		Release|Any CPU = Release|Any CPU
	EndGlobalSection
	GlobalSection(ProjectConfigurationPlatforms) = postSolution
		{E23FE49D-6AE7-4843-83A4-CE3CC0340407}.Debug|Any CPU.ActiveCfg = Debug|Any CPU
		{E23FE49D-6AE7-4843-83A4-CE3CC0340407}.Debug|Any CPU.Build.0 = Debug|Any CPU
		{E23FE49D-6AE7-4843-83A4-CE3CC0340407}.Release|Any CPU.ActiveCfg = Release|Any CPU
		{E23FE49D-6AE7-4843-83A4-CE3CC0340407}.Release|Any CPU.Build.0 = Release|Any CPU
	EndGlobalSection
	GlobalSection(SolutionProperties) = preSolution
		HideSolutionNode = FALSE
	EndGlobalSection
	GlobalSection(ExtensibilityGlobals) = postSolution
		SolutionGuid = {E3D01987-7B3A-4AF9-9365-1E19DAE2691F}
	EndGlobalSection
EndGlobal
